
Microsoft Visual Studio Solution File, Format Version 12.00
# Visual Studio Version 17
VisualStudioVersion = 17.0.31903.59
MinimumVisualStudioVersion = 10.0.40219.1
Project("{FAE04EC0-301F-11D3-BF4B-00C04F79EFBC}") = "SRF.Network.WebSocket", "WebSocket\SRF.Network.WebSocket.csproj", "{CC2797DC-0273-4DEB-B3BB-E23B38261A18}"
EndProject
Project("{FAE04EC0-301F-11D3-BF4B-00C04F79EFBC}") = "SRF.Network.Test", "Test\SRF.Network.Test.csproj", "{2ED9E2B9-95AB-41EA-9B0B-34EBDE01A546}"
EndProject
Project("{FAE04EC0-301F-11D3-BF4B-00C04F79EFBC}") = "SRF.Network.Cli", "Cli\SRF.Network.Cli.csproj", "{394F5F9A-570E-4B94-8F99-A653B4B6FCE5}"
EndProject
Project("{FAE04EC0-301F-11D3-BF4B-00C04F79EFBC}") = "SRF.Network.Misc", "Misc\SRF.Network.Misc.csproj", "{D038FCC9-AE5D-4F2A-97F2-8495B416B11F}"
EndProject
Project("{FAE04EC0-301F-11D3-BF4B-00C04F79EFBC}") = "SRF.Network.Mqtt", "Mqtt\SRF.Network.Mqtt.csproj", "{ECF9999F-F504-436E-AA28-234F9FCAD52C}"
EndProject
Project("{FAE04EC0-301F-11D3-BF4B-00C04F79EFBC}") = "SRF.Network.Knx", "Knx\SRF.Network.Knx.csproj", "{5538F144-D39A-444C-8E70-5FF187EDCBCE}"
EndProject
Project("{2150E333-8FDC-42A3-9474-1A3956D46DE8}") = "Subs", "Subs", "{E68C8654-57FA-45AD-8D96-7570A929E318}"
EndProject
Project("{2150E333-8FDC-42A3-9474-1A3956D46DE8}") = "SRF.Industrial", "SRF.Industrial", "{D04FCFCC-5079-432A-A1C7-75F350C0731A}"
EndProject
Project("{FAE04EC0-301F-11D3-BF4B-00C04F79EFBC}") = "SRF.Industrial.Events", "Subs\SRF.Industrial\Events\SRF.Industrial.Events.csproj", "{9B2C3B06-9FCD-49D7-BD76-605D956E733D}"
EndProject
Project("{FAE04EC0-301F-11D3-BF4B-00C04F79EFBC}") = "SRF.Industrial.Events.Sample", "Subs\SRF.Industrial\Events.Sample\SRF.Industrial.Events.Sample.csproj", "{5FF1C9C0-466F-49BD-BDF2-C6D6B0E67A6C}"
EndProject
Project("{2150E333-8FDC-42A3-9474-1A3956D46DE8}") = "SRF.Knx", "SRF.Knx", "{44C2673C-F1E0-68D4-58D5-354E822EE958}"
EndProject
Project("{FAE04EC0-301F-11D3-BF4B-00C04F79EFBC}") = "SRF.Knx.Core", "Subs\SRF.Knx\SRF.Knx.Core\SRF.Knx.Core.csproj", "{98F562CB-AB4E-4ACD-AC9A-D0CF2A07A10E}"
EndProject
Project("{FAE04EC0-301F-11D3-BF4B-00C04F79EFBC}") = "SRF.Knx.Config", "Subs\SRF.Knx\SRF.Knx.Config\SRF.Knx.Config.csproj", "{75E6B7D2-35E5-41EC-B1F0-15725EA1CC2E}"
EndProject
Project("{FAE04EC0-301F-11D3-BF4B-00C04F79EFBC}") = "SRF.Knx.Test", "Subs\SRF.Knx\SRF.Knx.Test\SRF.Knx.Test.csproj", "{2686E47E-8FBB-4493-9C94-98E599D36FBE}"
EndProject
Project("{FAE04EC0-301F-11D3-BF4B-00C04F79EFBC}") = "SRF.Knx.Config.OpenHab", "Subs\SRF.Knx\SRF.Knx.Config.OpenHab\SRF.Knx.Config.OpenHab.csproj", "{26AB0B80-D3D8-4DD7-BAE5-CF0EEC90BB07}"
EndProject
Project("{2150E333-8FDC-42A3-9474-1A3956D46DE8}") = "Udp", "Udp", "{924F30C9-13C0-C2E7-F8C8-F04E939E51DE}"
EndProject
Project("{FAE04EC0-301F-11D3-BF4B-00C04F79EFBC}") = "SRF.Network.Udp", "Udp\SRF.Network.Udp.csproj", "{80E0E6B0-6CCE-470F-9FB2-06C9DB98DD86}"
EndProject
Global
	GlobalSection(SolutionConfigurationPlatforms) = preSolution
		Debug|Any CPU = Debug|Any CPU
		Debug|x64 = Debug|x64
		Debug|x86 = Debug|x86
		Release|Any CPU = Release|Any CPU
		Release|x64 = Release|x64
		Release|x86 = Release|x86
	EndGlobalSection
	GlobalSection(ProjectConfigurationPlatforms) = postSolution
		{CC2797DC-0273-4DEB-B3BB-E23B38261A18}.Debug|Any CPU.ActiveCfg = Debug|Any CPU
		{CC2797DC-0273-4DEB-B3BB-E23B38261A18}.Debug|Any CPU.Build.0 = Debug|Any CPU
		{CC2797DC-0273-4DEB-B3BB-E23B38261A18}.Debug|x64.ActiveCfg = Debug|Any CPU
		{CC2797DC-0273-4DEB-B3BB-E23B38261A18}.Debug|x64.Build.0 = Debug|Any CPU
		{CC2797DC-0273-4DEB-B3BB-E23B38261A18}.Debug|x86.ActiveCfg = Debug|Any CPU
		{CC2797DC-0273-4DEB-B3BB-E23B38261A18}.Debug|x86.Build.0 = Debug|Any CPU
		{CC2797DC-0273-4DEB-B3BB-E23B38261A18}.Release|Any CPU.ActiveCfg = Release|Any CPU
		{CC2797DC-0273-4DEB-B3BB-E23B38261A18}.Release|Any CPU.Build.0 = Release|Any CPU
		{CC2797DC-0273-4DEB-B3BB-E23B38261A18}.Release|x64.ActiveCfg = Release|Any CPU
		{CC2797DC-0273-4DEB-B3BB-E23B38261A18}.Release|x64.Build.0 = Release|Any CPU
		{CC2797DC-0273-4DEB-B3BB-E23B38261A18}.Release|x86.ActiveCfg = Release|Any CPU
		{CC2797DC-0273-4DEB-B3BB-E23B38261A18}.Release|x86.Build.0 = Release|Any CPU
		{2ED9E2B9-95AB-41EA-9B0B-34EBDE01A546}.Debug|Any CPU.ActiveCfg = Debug|Any CPU
		{2ED9E2B9-95AB-41EA-9B0B-34EBDE01A546}.Debug|Any CPU.Build.0 = Debug|Any CPU
		{2ED9E2B9-95AB-41EA-9B0B-34EBDE01A546}.Debug|x64.ActiveCfg = Debug|Any CPU
		{2ED9E2B9-95AB-41EA-9B0B-34EBDE01A546}.Debug|x64.Build.0 = Debug|Any CPU
		{2ED9E2B9-95AB-41EA-9B0B-34EBDE01A546}.Debug|x86.ActiveCfg = Debug|Any CPU
		{2ED9E2B9-95AB-41EA-9B0B-34EBDE01A546}.Debug|x86.Build.0 = Debug|Any CPU
		{2ED9E2B9-95AB-41EA-9B0B-34EBDE01A546}.Release|Any CPU.ActiveCfg = Release|Any CPU
		{2ED9E2B9-95AB-41EA-9B0B-34EBDE01A546}.Release|Any CPU.Build.0 = Release|Any CPU
		{2ED9E2B9-95AB-41EA-9B0B-34EBDE01A546}.Release|x64.ActiveCfg = Release|Any CPU
		{2ED9E2B9-95AB-41EA-9B0B-34EBDE01A546}.Release|x64.Build.0 = Release|Any CPU
		{2ED9E2B9-95AB-41EA-9B0B-34EBDE01A546}.Release|x86.ActiveCfg = Release|Any CPU
		{2ED9E2B9-95AB-41EA-9B0B-34EBDE01A546}.Release|x86.Build.0 = Release|Any CPU
		{394F5F9A-570E-4B94-8F99-A653B4B6FCE5}.Debug|Any CPU.ActiveCfg = Debug|Any CPU
		{394F5F9A-570E-4B94-8F99-A653B4B6FCE5}.Debug|Any CPU.Build.0 = Debug|Any CPU
		{394F5F9A-570E-4B94-8F99-A653B4B6FCE5}.Debug|x64.ActiveCfg = Debug|Any CPU
		{394F5F9A-570E-4B94-8F99-A653B4B6FCE5}.Debug|x64.Build.0 = Debug|Any CPU
		{394F5F9A-570E-4B94-8F99-A653B4B6FCE5}.Debug|x86.ActiveCfg = Debug|Any CPU
		{394F5F9A-570E-4B94-8F99-A653B4B6FCE5}.Debug|x86.Build.0 = Debug|Any CPU
		{394F5F9A-570E-4B94-8F99-A653B4B6FCE5}.Release|Any CPU.ActiveCfg = Release|Any CPU
		{394F5F9A-570E-4B94-8F99-A653B4B6FCE5}.Release|Any CPU.Build.0 = Release|Any CPU
		{394F5F9A-570E-4B94-8F99-A653B4B6FCE5}.Release|x64.ActiveCfg = Release|Any CPU
		{394F5F9A-570E-4B94-8F99-A653B4B6FCE5}.Release|x64.Build.0 = Release|Any CPU
		{394F5F9A-570E-4B94-8F99-A653B4B6FCE5}.Release|x86.ActiveCfg = Release|Any CPU
		{394F5F9A-570E-4B94-8F99-A653B4B6FCE5}.Release|x86.Build.0 = Release|Any CPU
		{D038FCC9-AE5D-4F2A-97F2-8495B416B11F}.Debug|Any CPU.ActiveCfg = Debug|Any CPU
		{D038FCC9-AE5D-4F2A-97F2-8495B416B11F}.Debug|Any CPU.Build.0 = Debug|Any CPU
		{D038FCC9-AE5D-4F2A-97F2-8495B416B11F}.Debug|x64.ActiveCfg = Debug|Any CPU
		{D038FCC9-AE5D-4F2A-97F2-8495B416B11F}.Debug|x64.Build.0 = Debug|Any CPU
		{D038FCC9-AE5D-4F2A-97F2-8495B416B11F}.Debug|x86.ActiveCfg = Debug|Any CPU
		{D038FCC9-AE5D-4F2A-97F2-8495B416B11F}.Debug|x86.Build.0 = Debug|Any CPU
		{D038FCC9-AE5D-4F2A-97F2-8495B416B11F}.Release|Any CPU.ActiveCfg = Release|Any CPU
		{D038FCC9-AE5D-4F2A-97F2-8495B416B11F}.Release|Any CPU.Build.0 = Release|Any CPU
		{D038FCC9-AE5D-4F2A-97F2-8495B416B11F}.Release|x64.ActiveCfg = Release|Any CPU
		{D038FCC9-AE5D-4F2A-97F2-8495B416B11F}.Release|x64.Build.0 = Release|Any CPU
		{D038FCC9-AE5D-4F2A-97F2-8495B416B11F}.Release|x86.ActiveCfg = Release|Any CPU
		{D038FCC9-AE5D-4F2A-97F2-8495B416B11F}.Release|x86.Build.0 = Release|Any CPU
		{ECF9999F-F504-436E-AA28-234F9FCAD52C}.Debug|Any CPU.ActiveCfg = Debug|Any CPU
		{ECF9999F-F504-436E-AA28-234F9FCAD52C}.Debug|Any CPU.Build.0 = Debug|Any CPU
		{ECF9999F-F504-436E-AA28-234F9FCAD52C}.Debug|x64.ActiveCfg = Debug|Any CPU
		{ECF9999F-F504-436E-AA28-234F9FCAD52C}.Debug|x64.Build.0 = Debug|Any CPU
		{ECF9999F-F504-436E-AA28-234F9FCAD52C}.Debug|x86.ActiveCfg = Debug|Any CPU
		{ECF9999F-F504-436E-AA28-234F9FCAD52C}.Debug|x86.Build.0 = Debug|Any CPU
		{ECF9999F-F504-436E-AA28-234F9FCAD52C}.Release|Any CPU.ActiveCfg = Release|Any CPU
		{ECF9999F-F504-436E-AA28-234F9FCAD52C}.Release|Any CPU.Build.0 = Release|Any CPU
		{ECF9999F-F504-436E-AA28-234F9FCAD52C}.Release|x64.ActiveCfg = Release|Any CPU
		{ECF9999F-F504-436E-AA28-234F9FCAD52C}.Release|x64.Build.0 = Release|Any CPU
		{ECF9999F-F504-436E-AA28-234F9FCAD52C}.Release|x86.ActiveCfg = Release|Any CPU
		{ECF9999F-F504-436E-AA28-234F9FCAD52C}.Release|x86.Build.0 = Release|Any CPU
		{5538F144-D39A-444C-8E70-5FF187EDCBCE}.Debug|Any CPU.ActiveCfg = Debug|Any CPU
		{5538F144-D39A-444C-8E70-5FF187EDCBCE}.Debug|Any CPU.Build.0 = Debug|Any CPU
		{5538F144-D39A-444C-8E70-5FF187EDCBCE}.Debug|x64.ActiveCfg = Debug|Any CPU
		{5538F144-D39A-444C-8E70-5FF187EDCBCE}.Debug|x64.Build.0 = Debug|Any CPU
		{5538F144-D39A-444C-8E70-5FF187EDCBCE}.Debug|x86.ActiveCfg = Debug|Any CPU
		{5538F144-D39A-444C-8E70-5FF187EDCBCE}.Debug|x86.Build.0 = Debug|Any CPU
		{5538F144-D39A-444C-8E70-5FF187EDCBCE}.Release|Any CPU.ActiveCfg = Release|Any CPU
		{5538F144-D39A-444C-8E70-5FF187EDCBCE}.Release|Any CPU.Build.0 = Release|Any CPU
		{5538F144-D39A-444C-8E70-5FF187EDCBCE}.Release|x64.ActiveCfg = Release|Any CPU
		{5538F144-D39A-444C-8E70-5FF187EDCBCE}.Release|x64.Build.0 = Release|Any CPU
		{5538F144-D39A-444C-8E70-5FF187EDCBCE}.Release|x86.ActiveCfg = Release|Any CPU
		{5538F144-D39A-444C-8E70-5FF187EDCBCE}.Release|x86.Build.0 = Release|Any CPU
		{9B2C3B06-9FCD-49D7-BD76-605D956E733D}.Debug|Any CPU.ActiveCfg = Debug|Any CPU
		{9B2C3B06-9FCD-49D7-BD76-605D956E733D}.Debug|Any CPU.Build.0 = Debug|Any CPU
		{9B2C3B06-9FCD-49D7-BD76-605D956E733D}.Debug|x64.ActiveCfg = Debug|Any CPU
		{9B2C3B06-9FCD-49D7-BD76-605D956E733D}.Debug|x64.Build.0 = Debug|Any CPU
		{9B2C3B06-9FCD-49D7-BD76-605D956E733D}.Debug|x86.ActiveCfg = Debug|Any CPU
		{9B2C3B06-9FCD-49D7-BD76-605D956E733D}.Debug|x86.Build.0 = Debug|Any CPU
		{9B2C3B06-9FCD-49D7-BD76-605D956E733D}.Release|Any CPU.ActiveCfg = Release|Any CPU
		{9B2C3B06-9FCD-49D7-BD76-605D956E733D}.Release|Any CPU.Build.0 = Release|Any CPU
		{9B2C3B06-9FCD-49D7-BD76-605D956E733D}.Release|x64.ActiveCfg = Release|Any CPU
		{9B2C3B06-9FCD-49D7-BD76-605D956E733D}.Release|x64.Build.0 = Release|Any CPU
		{9B2C3B06-9FCD-49D7-BD76-605D956E733D}.Release|x86.ActiveCfg = Release|Any CPU
		{9B2C3B06-9FCD-49D7-BD76-605D956E733D}.Release|x86.Build.0 = Release|Any CPU
		{5FF1C9C0-466F-49BD-BDF2-C6D6B0E67A6C}.Debug|Any CPU.ActiveCfg = Debug|Any CPU
		{5FF1C9C0-466F-49BD-BDF2-C6D6B0E67A6C}.Debug|Any CPU.Build.0 = Debug|Any CPU
		{5FF1C9C0-466F-49BD-BDF2-C6D6B0E67A6C}.Debug|x64.ActiveCfg = Debug|Any CPU
		{5FF1C9C0-466F-49BD-BDF2-C6D6B0E67A6C}.Debug|x64.Build.0 = Debug|Any CPU
		{5FF1C9C0-466F-49BD-BDF2-C6D6B0E67A6C}.Debug|x86.ActiveCfg = Debug|Any CPU
		{5FF1C9C0-466F-49BD-BDF2-C6D6B0E67A6C}.Debug|x86.Build.0 = Debug|Any CPU
		{5FF1C9C0-466F-49BD-BDF2-C6D6B0E67A6C}.Release|Any CPU.ActiveCfg = Release|Any CPU
		{5FF1C9C0-466F-49BD-BDF2-C6D6B0E67A6C}.Release|Any CPU.Build.0 = Release|Any CPU
		{5FF1C9C0-466F-49BD-BDF2-C6D6B0E67A6C}.Release|x64.ActiveCfg = Release|Any CPU
		{5FF1C9C0-466F-49BD-BDF2-C6D6B0E67A6C}.Release|x64.Build.0 = Release|Any CPU
		{5FF1C9C0-466F-49BD-BDF2-C6D6B0E67A6C}.Release|x86.ActiveCfg = Release|Any CPU
		{5FF1C9C0-466F-49BD-BDF2-C6D6B0E67A6C}.Release|x86.Build.0 = Release|Any CPU
		{98F562CB-AB4E-4ACD-AC9A-D0CF2A07A10E}.Debug|Any CPU.ActiveCfg = Debug|Any CPU
		{98F562CB-AB4E-4ACD-AC9A-D0CF2A07A10E}.Debug|Any CPU.Build.0 = Debug|Any CPU
		{98F562CB-AB4E-4ACD-AC9A-D0CF2A07A10E}.Debug|x64.ActiveCfg = Debug|Any CPU
		{98F562CB-AB4E-4ACD-AC9A-D0CF2A07A10E}.Debug|x64.Build.0 = Debug|Any CPU
		{98F562CB-AB4E-4ACD-AC9A-D0CF2A07A10E}.Debug|x86.ActiveCfg = Debug|Any CPU
		{98F562CB-AB4E-4ACD-AC9A-D0CF2A07A10E}.Debug|x86.Build.0 = Debug|Any CPU
		{98F562CB-AB4E-4ACD-AC9A-D0CF2A07A10E}.Release|Any CPU.ActiveCfg = Release|Any CPU
		{98F562CB-AB4E-4ACD-AC9A-D0CF2A07A10E}.Release|Any CPU.Build.0 = Release|Any CPU
		{98F562CB-AB4E-4ACD-AC9A-D0CF2A07A10E}.Release|x64.ActiveCfg = Release|Any CPU
		{98F562CB-AB4E-4ACD-AC9A-D0CF2A07A10E}.Release|x64.Build.0 = Release|Any CPU
		{98F562CB-AB4E-4ACD-AC9A-D0CF2A07A10E}.Release|x86.ActiveCfg = Release|Any CPU
		{98F562CB-AB4E-4ACD-AC9A-D0CF2A07A10E}.Release|x86.Build.0 = Release|Any CPU
		{75E6B7D2-35E5-41EC-B1F0-15725EA1CC2E}.Debug|Any CPU.ActiveCfg = Debug|Any CPU
		{75E6B7D2-35E5-41EC-B1F0-15725EA1CC2E}.Debug|Any CPU.Build.0 = Debug|Any CPU
		{75E6B7D2-35E5-41EC-B1F0-15725EA1CC2E}.Debug|x64.ActiveCfg = Debug|Any CPU
		{75E6B7D2-35E5-41EC-B1F0-15725EA1CC2E}.Debug|x64.Build.0 = Debug|Any CPU
		{75E6B7D2-35E5-41EC-B1F0-15725EA1CC2E}.Debug|x86.ActiveCfg = Debug|Any CPU
		{75E6B7D2-35E5-41EC-B1F0-15725EA1CC2E}.Debug|x86.Build.0 = Debug|Any CPU
		{75E6B7D2-35E5-41EC-B1F0-15725EA1CC2E}.Release|Any CPU.ActiveCfg = Release|Any CPU
		{75E6B7D2-35E5-41EC-B1F0-15725EA1CC2E}.Release|Any CPU.Build.0 = Release|Any CPU
		{75E6B7D2-35E5-41EC-B1F0-15725EA1CC2E}.Release|x64.ActiveCfg = Release|Any CPU
		{75E6B7D2-35E5-41EC-B1F0-15725EA1CC2E}.Release|x64.Build.0 = Release|Any CPU
		{75E6B7D2-35E5-41EC-B1F0-15725EA1CC2E}.Release|x86.ActiveCfg = Release|Any CPU
		{75E6B7D2-35E5-41EC-B1F0-15725EA1CC2E}.Release|x86.Build.0 = Release|Any CPU
		{2686E47E-8FBB-4493-9C94-98E599D36FBE}.Debug|Any CPU.ActiveCfg = Debug|Any CPU
		{2686E47E-8FBB-4493-9C94-98E599D36FBE}.Debug|Any CPU.Build.0 = Debug|Any CPU
		{2686E47E-8FBB-4493-9C94-98E599D36FBE}.Debug|x64.ActiveCfg = Debug|Any CPU
		{2686E47E-8FBB-4493-9C94-98E599D36FBE}.Debug|x64.Build.0 = Debug|Any CPU
		{2686E47E-8FBB-4493-9C94-98E599D36FBE}.Debug|x86.ActiveCfg = Debug|Any CPU
		{2686E47E-8FBB-4493-9C94-98E599D36FBE}.Debug|x86.Build.0 = Debug|Any CPU
		{2686E47E-8FBB-4493-9C94-98E599D36FBE}.Release|Any CPU.ActiveCfg = Release|Any CPU
		{2686E47E-8FBB-4493-9C94-98E599D36FBE}.Release|Any CPU.Build.0 = Release|Any CPU
		{2686E47E-8FBB-4493-9C94-98E599D36FBE}.Release|x64.ActiveCfg = Release|Any CPU
		{2686E47E-8FBB-4493-9C94-98E599D36FBE}.Release|x64.Build.0 = Release|Any CPU
		{2686E47E-8FBB-4493-9C94-98E599D36FBE}.Release|x86.ActiveCfg = Release|Any CPU
		{2686E47E-8FBB-4493-9C94-98E599D36FBE}.Release|x86.Build.0 = Release|Any CPU
		{26AB0B80-D3D8-4DD7-BAE5-CF0EEC90BB07}.Debug|Any CPU.ActiveCfg = Debug|Any CPU
		{26AB0B80-D3D8-4DD7-BAE5-CF0EEC90BB07}.Debug|Any CPU.Build.0 = Debug|Any CPU
		{26AB0B80-D3D8-4DD7-BAE5-CF0EEC90BB07}.Debug|x64.ActiveCfg = Debug|Any CPU
		{26AB0B80-D3D8-4DD7-BAE5-CF0EEC90BB07}.Debug|x64.Build.0 = Debug|Any CPU
		{26AB0B80-D3D8-4DD7-BAE5-CF0EEC90BB07}.Debug|x86.ActiveCfg = Debug|Any CPU
		{26AB0B80-D3D8-4DD7-BAE5-CF0EEC90BB07}.Debug|x86.Build.0 = Debug|Any CPU
		{26AB0B80-D3D8-4DD7-BAE5-CF0EEC90BB07}.Release|Any CPU.ActiveCfg = Release|Any CPU
		{26AB0B80-D3D8-4DD7-BAE5-CF0EEC90BB07}.Release|Any CPU.Build.0 = Release|Any CPU
		{26AB0B80-D3D8-4DD7-BAE5-CF0EEC90BB07}.Release|x64.ActiveCfg = Release|Any CPU
		{26AB0B80-D3D8-4DD7-BAE5-CF0EEC90BB07}.Release|x64.Build.0 = Release|Any CPU
		{26AB0B80-D3D8-4DD7-BAE5-CF0EEC90BB07}.Release|x86.ActiveCfg = Release|Any CPU
		{26AB0B80-D3D8-4DD7-BAE5-CF0EEC90BB07}.Release|x86.Build.0 = Release|Any CPU
		{80E0E6B0-6CCE-470F-9FB2-06C9DB98DD86}.Debug|Any CPU.ActiveCfg = Debug|Any CPU
		{80E0E6B0-6CCE-470F-9FB2-06C9DB98DD86}.Debug|Any CPU.Build.0 = Debug|Any CPU
		{80E0E6B0-6CCE-470F-9FB2-06C9DB98DD86}.Debug|x64.ActiveCfg = Debug|Any CPU
		{80E0E6B0-6CCE-470F-9FB2-06C9DB98DD86}.Debug|x64.Build.0 = Debug|Any CPU
		{80E0E6B0-6CCE-470F-9FB2-06C9DB98DD86}.Debug|x86.ActiveCfg = Debug|Any CPU
		{80E0E6B0-6CCE-470F-9FB2-06C9DB98DD86}.Debug|x86.Build.0 = Debug|Any CPU
		{80E0E6B0-6CCE-470F-9FB2-06C9DB98DD86}.Release|Any CPU.ActiveCfg = Release|Any CPU
		{80E0E6B0-6CCE-470F-9FB2-06C9DB98DD86}.Release|Any CPU.Build.0 = Release|Any CPU
		{80E0E6B0-6CCE-470F-9FB2-06C9DB98DD86}.Release|x64.ActiveCfg = Release|Any CPU
		{80E0E6B0-6CCE-470F-9FB2-06C9DB98DD86}.Release|x64.Build.0 = Release|Any CPU
		{80E0E6B0-6CCE-470F-9FB2-06C9DB98DD86}.Release|x86.ActiveCfg = Release|Any CPU
		{80E0E6B0-6CCE-470F-9FB2-06C9DB98DD86}.Release|x86.Build.0 = Release|Any CPU
	EndGlobalSection
	GlobalSection(SolutionProperties) = preSolution
		HideSolutionNode = FALSE
	EndGlobalSection
	GlobalSection(NestedProjects) = preSolution
		{D04FCFCC-5079-432A-A1C7-75F350C0731A} = {E68C8654-57FA-45AD-8D96-7570A929E318}
		{9B2C3B06-9FCD-49D7-BD76-605D956E733D} = {D04FCFCC-5079-432A-A1C7-75F350C0731A}
		{5FF1C9C0-466F-49BD-BDF2-C6D6B0E67A6C} = {D04FCFCC-5079-432A-A1C7-75F350C0731A}
		{44C2673C-F1E0-68D4-58D5-354E822EE958} = {E68C8654-57FA-45AD-8D96-7570A929E318}
		{98F562CB-AB4E-4ACD-AC9A-D0CF2A07A10E} = {44C2673C-F1E0-68D4-58D5-354E822EE958}
		{75E6B7D2-35E5-41EC-B1F0-15725EA1CC2E} = {44C2673C-F1E0-68D4-58D5-354E822EE958}
		{2686E47E-8FBB-4493-9C94-98E599D36FBE} = {44C2673C-F1E0-68D4-58D5-354E822EE958}
		{26AB0B80-D3D8-4DD7-BAE5-CF0EEC90BB07} = {44C2673C-F1E0-68D4-58D5-354E822EE958}
		{80E0E6B0-6CCE-470F-9FB2-06C9DB98DD86} = {924F30C9-13C0-C2E7-F8C8-F04E939E51DE}
	EndGlobalSection
EndGlobal
